
Microsoft Visual Studio Solution File, Format Version 12.00
# Visual Studio Version 16
VisualStudioVersion = 16.0.30717.126
MinimumVisualStudioVersion = 10.0.40219.1
Project("{FAE04EC0-301F-11D3-BF4B-00C04F79EFBC}") = "tp6", "tp6.csproj", "{E534FD66-C32C-4B5F-BCE4-D7732D1F68AD}"
EndProject
Global
	GlobalSection(SolutionConfigurationPlatforms) = preSolution
		Debug|Any CPU = Debug|Any CPU
		Release|Any CPU = Release|Any CPU
	EndGlobalSection
	GlobalSection(ProjectConfigurationPlatforms) = postSolution
		{E534FD66-C32C-4B5F-BCE4-D7732D1F68AD}.Debug|Any CPU.ActiveCfg = Debug|Any CPU
		{E534FD66-C32C-4B5F-BCE4-D7732D1F68AD}.Debug|Any CPU.Build.0 = Debug|Any CPU
		{E534FD66-C32C-4B5F-BCE4-D7732D1F68AD}.Release|Any CPU.ActiveCfg = Release|Any CPU
		{E534FD66-C32C-4B5F-BCE4-D7732D1F68AD}.Release|Any CPU.Build.0 = Release|Any CPU
	EndGlobalSection
	GlobalSection(SolutionProperties) = preSolution
		HideSolutionNode = FALSE
	EndGlobalSection
	GlobalSection(ExtensibilityGlobals) = postSolution
		SolutionGuid = {FDE0B69A-A8FE-42E9-B120-BB405C36E4ED}
	EndGlobalSection
EndGlobal
